
Microsoft Visual Studio Solution File, Format Version 12.00
# Visual Studio Version 17
VisualStudioVersion = 17.10.34916.146
MinimumVisualStudioVersion = 10.0.40219.1
Project("{FAE04EC0-301F-11D3-BF4B-00C04F79EFBC}") = "Abstract Classes and Methods", "Abstract Classes and Methods.csproj", "{9FFB9BCF-4241-46B1-897D-155CBBF4C43F}"
EndProject
Global
	GlobalSection(SolutionConfigurationPlatforms) = preSolution
		Debug|Any CPU = Debug|Any CPU
		Release|Any CPU = Release|Any CPU
	EndGlobalSection
	GlobalSection(ProjectConfigurationPlatforms) = postSolution
		{9FFB9BCF-4241-46B1-897D-155CBBF4C43F}.Debug|Any CPU.ActiveCfg = Debug|Any CPU
		{9FFB9BCF-4241-46B1-897D-155CBBF4C43F}.Debug|Any CPU.Build.0 = Debug|Any CPU
		{9FFB9BCF-4241-46B1-897D-155CBBF4C43F}.Release|Any CPU.ActiveCfg = Release|Any CPU
		{9FFB9BCF-4241-46B1-897D-155CBBF4C43F}.Release|Any CPU.Build.0 = Release|Any CPU
	EndGlobalSection
	GlobalSection(SolutionProperties) = preSolution
		HideSolutionNode = FALSE
	EndGlobalSection
	GlobalSection(ExtensibilityGlobals) = postSolution
		SolutionGuid = {01E24E5F-8CAC-4203-B283-478D407C6D47}
	EndGlobalSection
EndGlobal
