
Microsoft Visual Studio Solution File, Format Version 12.00
# Visual Studio Version 17
VisualStudioVersion = 17.10.34916.146
MinimumVisualStudioVersion = 10.0.40219.1
Project("{FAE04EC0-301F-11D3-BF4B-00C04F79EFBC}") = "Interfaces", "Interfaces.csproj", "{9962E3D5-8357-4679-87E2-F69C6EDE9EA1}"
EndProject
Global
	GlobalSection(SolutionConfigurationPlatforms) = preSolution
		Debug|Any CPU = Debug|Any CPU
		Release|Any CPU = Release|Any CPU
	EndGlobalSection
	GlobalSection(ProjectConfigurationPlatforms) = postSolution
		{9962E3D5-8357-4679-87E2-F69C6EDE9EA1}.Debug|Any CPU.ActiveCfg = Debug|Any CPU
		{9962E3D5-8357-4679-87E2-F69C6EDE9EA1}.Debug|Any CPU.Build.0 = Debug|Any CPU
		{9962E3D5-8357-4679-87E2-F69C6EDE9EA1}.Release|Any CPU.ActiveCfg = Release|Any CPU
		{9962E3D5-8357-4679-87E2-F69C6EDE9EA1}.Release|Any CPU.Build.0 = Release|Any CPU
	EndGlobalSection
	GlobalSection(SolutionProperties) = preSolution
		HideSolutionNode = FALSE
	EndGlobalSection
	GlobalSection(ExtensibilityGlobals) = postSolution
		SolutionGuid = {6A38094F-E5CD-4337-82CB-B17AF6A4BE16}
	EndGlobalSection
EndGlobal
